
Microsoft Visual Studio Solution File, Format Version 12.00
# Visual Studio Version 16
VisualStudioVersion = 16.0.31129.286
MinimumVisualStudioVersion = 10.0.40219.1
Project("{FAE04EC0-301F-11D3-BF4B-00C04F79EFBC}") = "KateFirebird", "KateFirebird\KateFirebird.csproj", "{21606BBC-2BD2-4924-A181-C8A23B025865}"
EndProject
Global
	GlobalSection(SolutionConfigurationPlatforms) = preSolution
		Debug|Any CPU = Debug|Any CPU
		Release|Any CPU = Release|Any CPU
	EndGlobalSection
	GlobalSection(ProjectConfigurationPlatforms) = postSolution
		{21606BBC-2BD2-4924-A181-C8A23B025865}.Debug|Any CPU.ActiveCfg = Debug|Any CPU
		{21606BBC-2BD2-4924-A181-C8A23B025865}.Debug|Any CPU.Build.0 = Debug|Any CPU
		{21606BBC-2BD2-4924-A181-C8A23B025865}.Release|Any CPU.ActiveCfg = Release|Any CPU
		{21606BBC-2BD2-4924-A181-C8A23B025865}.Release|Any CPU.Build.0 = Release|Any CPU
	EndGlobalSection
	GlobalSection(SolutionProperties) = preSolution
		HideSolutionNode = FALSE
	EndGlobalSection
	GlobalSection(ExtensibilityGlobals) = postSolution
		SolutionGuid = {8AC8694E-C513-46B5-BB79-A617A72431C7}
	EndGlobalSection
EndGlobal
